{
  "projects": [
    {
      "projectId": "c95mFDtsQD22zpZcHK8Lci",
      "version": "latest",
      "dependencies": {},
      "lang": "ts",
      "fileLocks": [
        {
          "type": "globalVariant",
          "assetId": "_eAYH824Sv",
          "checksum": "5a0b19bd7ea319a0217b63f10b4622fd"
        },
        {
          "type": "renderModule",
          "assetId": "oa15Iddil2",
          "checksum": "9021b93acb9244bd7bec9be82eb0bf80"
        },
        {
          "type": "cssRules",
          "assetId": "oa15Iddil2",
          "checksum": "9021b93acb9244bd7bec9be82eb0bf80"
        },
        {
          "type": "renderModule",
          "assetId": "ynIdAZgZJy",
          "checksum": "85d7f8b1ae9718a908d8bd6ab79249e6"
        },
        {
          "type": "cssRules",
          "assetId": "ynIdAZgZJy",
          "checksum": "85d7f8b1ae9718a908d8bd6ab79249e6"
        },
        {
          "type": "renderModule",
          "assetId": "BzXRBzu1sd",
          "checksum": "8d957eb2bff1d7f92b5e6e143d763b03"
        },
        {
          "type": "cssRules",
          "assetId": "BzXRBzu1sd",
          "checksum": "8d957eb2bff1d7f92b5e6e143d763b03"
        },
        {
          "type": "renderModule",
          "assetId": "suFVYL5EUe",
          "checksum": "815fc9f81bc35ed8b4fc5dabe95f15be"
        },
        {
          "type": "cssRules",
          "assetId": "suFVYL5EUe",
          "checksum": "815fc9f81bc35ed8b4fc5dabe95f15be"
        },
        {
          "type": "renderModule",
          "assetId": "2B39Djfxdt",
          "checksum": "f5541b8988bd409ac9d6e130d2b0f64d"
        },
        {
          "type": "cssRules",
          "assetId": "2B39Djfxdt",
          "checksum": "f5541b8988bd409ac9d6e130d2b0f64d"
        },
        {
          "type": "renderModule",
          "assetId": "pXYVMs4P-l",
          "checksum": "a2e7459d8c8d21307e69ee9aee199147"
        },
        {
          "type": "cssRules",
          "assetId": "pXYVMs4P-l",
          "checksum": "a2e7459d8c8d21307e69ee9aee199147"
        },
        {
          "type": "image",
          "assetId": "8ak0YRCrd",
          "checksum": "f625756286ad0b1cbf69ec9d9fbe4e4a"
        },
        {
          "type": "image",
          "assetId": "LbrjlMMp-",
          "checksum": "e9e895d4bd9849326d55541c19a1ba43"
        },
        {
          "type": "image",
          "assetId": "01bPaTryv",
          "checksum": "ae162dae3ecf26734cb6ce2ff439a299"
        },
        {
          "type": "image",
          "assetId": "wzG51slo-",
          "checksum": "13436d1779fb702e1e2fe662e299e9d5"
        },
        {
          "type": "image",
          "assetId": "Q0VVO7n2Bh",
          "checksum": "7f39eb727c32826032c12e8facb689c1"
        },
        {
          "type": "image",
          "assetId": "yhR5iLO2-w",
          "checksum": "3b78c37cffd3bbcadd2d0da07ee5f12e"
        },
        {
          "type": "image",
          "assetId": "JVnAUIkrFT",
          "checksum": "d2800223e8f0687ee54ce470ddab93d0"
        },
        {
          "type": "image",
          "assetId": "OfqKkKWfY6",
          "checksum": "53c92fb783f943d2975563ecc2bca393"
        },
        {
          "type": "image",
          "assetId": "qCE0TQSGdc",
          "checksum": "5fb96e714eeb19df565377063dab5cf7"
        },
        {
          "type": "image",
          "assetId": "c9GDo6pHA9",
          "checksum": "ac51d6d50571ddecee6d885882de3e8d"
        },
        {
          "type": "image",
          "assetId": "9Q0nDrW_wJ",
          "checksum": "3a8bd773e1569655be415ed72bd170fe"
        },
        {
          "type": "image",
          "assetId": "8We2p2ExRx",
          "checksum": "983212615542132d0f59125166ad57d0"
        },
        {
          "type": "image",
          "assetId": "Dr9aCB5e6g",
          "checksum": "0027cefeb71e72645feae21cbaab3dbc"
        },
        {
          "type": "image",
          "assetId": "yv9ODVDQne",
          "checksum": "070c951bfde405765603c8fe127cefc9"
        },
        {
          "type": "image",
          "assetId": "Iz-D6tDw5y",
          "checksum": "6906656dc8c9f961286732f50251bf4e"
        },
        {
          "type": "image",
          "assetId": "M0i_kn3Tfs",
          "checksum": "5770f0a6c3290449dcb3abc6bde773ff"
        },
        {
          "type": "image",
          "assetId": "kdGEJc0cm8",
          "checksum": "c65fc5c32c520f3cb39c8a064c748f3f"
        },
        {
          "type": "image",
          "assetId": "tBX22a-_-8",
          "checksum": "0884f16a96be21bb1445249ca8c4c461"
        },
        {
          "assetId": "c95mFDtsQD22zpZcHK8Lci",
          "type": "projectCss",
          "checksum": "60f9193399dc3b99225577e9de830bd3"
        },
        {
          "type": "icon",
          "assetId": "xjviC_Dak_",
          "checksum": "c8681a6b5821369bff63e9bb9b3fd9dc"
        }
      ]
    }
  ],
  "cliVersion": "0.1.161"
}
